
Microsoft Visual Studio Solution File, Format Version 12.00
# Visual Studio Version 16
VisualStudioVersion = 16.0.31624.102
MinimumVisualStudioVersion = 10.0.40219.1
Project("{FAE04EC0-301F-11D3-BF4B-00C04F79EFBC}") = "FIRE", "FIRE\FIRE.csproj", "{40B90168-1D34-4CBF-9327-8C0FC16EF603}"
EndProject
Global
	GlobalSection(SolutionConfigurationPlatforms) = preSolution
		Debug|Any CPU = Debug|Any CPU
		Release|Any CPU = Release|Any CPU
	EndGlobalSection
	GlobalSection(ProjectConfigurationPlatforms) = postSolution
		{40B90168-1D34-4CBF-9327-8C0FC16EF603}.Debug|Any CPU.ActiveCfg = Debug|Any CPU
		{40B90168-1D34-4CBF-9327-8C0FC16EF603}.Debug|Any CPU.Build.0 = Debug|Any CPU
		{40B90168-1D34-4CBF-9327-8C0FC16EF603}.Release|Any CPU.ActiveCfg = Release|Any CPU
		{40B90168-1D34-4CBF-9327-8C0FC16EF603}.Release|Any CPU.Build.0 = Release|Any CPU
	EndGlobalSection
	GlobalSection(SolutionProperties) = preSolution
		HideSolutionNode = FALSE
	EndGlobalSection
	GlobalSection(ExtensibilityGlobals) = postSolution
		SolutionGuid = {479DAAF4-ED89-4D66-972B-FEDD73C708C4}
	EndGlobalSection
EndGlobal
